{
    "_readme": [
        "This file locks the dependencies of your project to a known state",
        "Read more about it at https://getcomposer.org/doc/01-basic-usage.md#composer-lock-the-lock-file",
        "This file is @generated automatically"
    ],
    "content-hash": "b71802aadd5b27028128b55de689a091",
    "packages": [
        {
            "name": "jjgrainger/posttypes",
            "version": "v1.0",
            "source": {
                "type": "git",
                "url": "https://github.com/jjgrainger/PostTypes.git",
                "reference": "69d25ea289a984b6a8b068a7038aee66e9a6e0bf"
            },
            "dist": {
                "type": "zip",
                "url": "https://packagist.phpcomposer.com/files/jjgrainger/PostTypes/69d25ea289a984b6a8b068a7038aee66e9a6e0bf.zip",
                "reference": "69d25ea289a984b6a8b068a7038aee66e9a6e0bf",
                "shasum": ""
            },
            "require": {
                "php": ">=5.3.0"
            },
            "type": "library",
            "autoload": {
                "psr-4": {
                    "PostTypes\\": "src/"
                }
            },
            "notification-url": "https://packagist.org/downloads/",
            "license": [
                "MIT"
            ],
            "authors": [
                {
                    "name": "Joe Grainger",
                    "email": "hello@jjgrainger.co.uk",
                    "homepage": "http://jjgrainger.co.uk"
                }
            ],
            "description": "A single class to help you build more advanced custom post types quickly.",
            "homepage": "https://github.com/jjgrainger/posttype",
            "time": "2016-08-16T12:45:44+00:00"
        },
        {
            "name": "lightboxdigital/wp-dynamic-image-resizer",
            "version": "1.0.2",
            "source": {
                "type": "git",
                "url": "https://github.com/LightboxDigital/wp-dynamic-image-resizer.git",
                "reference": "cc1d67192c8463eba4c0920130abec933ed2296b"
            },
            "dist": {
                "type": "zip",
                "url": "https://packagist.phpcomposer.com/files/LightboxDigital/wp-dynamic-image-resizer/cc1d67192c8463eba4c0920130abec933ed2296b.zip",
                "reference": "cc1d67192c8463eba4c0920130abec933ed2296b",
                "shasum": ""
            },
            "require-dev": {
                "phpunit/phpunit": "4.8.*"
            },
            "type": "library",
            "autoload": {
                "files": [
                    "wp-dynamic-image-resizer.php"
                ]
            },
            "notification-url": "https://packagist.org/downloads/",
            "license": [
                "MIT"
            ],
            "authors": [
                {
                    "name": "Warren Bickley",
                    "email": "warren@lightboxdigital.co.uk"
                }
            ],
            "description": "Resize WordPress images on the fly without needing to register image sizes.",
            "keywords": [
                "images",
                "wordpress",
                "wp"
            ],
            "time": "2017-01-10T18:32:16+00:00"
        },
        {
            "name": "nette/finder",
            "version": "v2.4.0",
            "source": {
                "type": "git",
                "url": "https://github.com/nette/finder.git",
                "reference": "5cabd5fe89f9903715359a403b820c7f94f9bb5e"
            },
            "dist": {
                "type": "zip",
                "url": "https://packagist.phpcomposer.com/files/nette/finder/5cabd5fe89f9903715359a403b820c7f94f9bb5e.zip",
                "reference": "5cabd5fe89f9903715359a403b820c7f94f9bb5e",
                "shasum": ""
            },
            "require": {
                "nette/utils": "~2.4",
                "php": ">=5.6.0"
            },
            "conflict": {
                "nette/nette": "<2.2"
            },
            "require-dev": {
                "nette/tester": "~2.0",
                "tracy/tracy": "^2.3"
            },
            "type": "library",
            "extra": {
                "branch-alias": {
                    "dev-master": "2.4-dev"
                }
            },
            "autoload": {
                "classmap": [
                    "src/"
                ]
            },
            "notification-url": "https://packagist.org/downloads/",
            "license": [
                "BSD-3-Clause",
                "GPL-2.0",
                "GPL-3.0"
            ],
            "authors": [
                {
                    "name": "David Grudl",
                    "homepage": "https://davidgrudl.com"
                },
                {
                    "name": "Nette Community",
                    "homepage": "https://nette.org/contributors"
                }
            ],
            "description": "Nette Finder: Files Searching",
            "homepage": "https://nette.org",
            "time": "2016-05-17T15:49:06+00:00"
        },
        {
            "name": "nette/utils",
            "version": "v2.4.5",
            "source": {
                "type": "git",
                "url": "https://github.com/nette/utils.git",
                "reference": "28ad4e2a6dcf143c23bde969a825f10a5d513602"
            },
            "dist": {
                "type": "zip",
                "url": "https://files.phpcomposer.com/files/nette/utils/28ad4e2a6dcf143c23bde969a825f10a5d513602.zip",
                "reference": "28ad4e2a6dcf143c23bde969a825f10a5d513602",
                "shasum": ""
            },
            "require": {
                "php": ">=5.6.0"
            },
            "conflict": {
                "nette/nette": "<2.2"
            },
            "require-dev": {
                "nette/tester": "~2.0",
                "tracy/tracy": "^2.3"
            },
            "suggest": {
                "ext-gd": "to use Image",
                "ext-iconv": "to use Strings::webalize() and toAscii()",
                "ext-intl": "for script transliteration in Strings::webalize() and toAscii()",
                "ext-json": "to use Nette\\Utils\\Json",
                "ext-mbstring": "to use Strings::lower() etc...",
                "ext-xml": "to use Strings::length() etc. when mbstring is not available",
                "https://nette.org/donate": "\u001b[1;37;42m Please consider supporting Nette via a donation \u001b[0m"
            },
            "type": "library",
            "extra": {
                "branch-alias": {
                    "dev-master": "2.4-dev"
                }
            },
            "autoload": {
                "classmap": [
                    "src/"
                ]
            },
            "notification-url": "https://packagist.org/downloads/",
            "license": [
                "BSD-3-Clause",
                "GPL-2.0",
                "GPL-3.0"
            ],
            "authors": [
                {
                    "name": "David Grudl",
                    "homepage": "https://davidgrudl.com"
                },
                {
                    "name": "Nette Community",
                    "homepage": "https://nette.org/contributors"
                }
            ],
            "description": "Nette Utility Classes",
            "homepage": "https://nette.org",
            "time": "2017-03-29T16:55:54+00:00"
        },
        {
            "name": "overtrue/pinyin",
            "version": "3.0.5",
            "source": {
                "type": "git",
                "url": "https://github.com/overtrue/pinyin.git",
                "reference": "590fd5820d65c3967d33b4d0dc114b893d0a1168"
            },
            "dist": {
                "type": "zip",
                "url": "https://files.phpcomposer.com/files/overtrue/pinyin/590fd5820d65c3967d33b4d0dc114b893d0a1168.zip",
                "reference": "590fd5820d65c3967d33b4d0dc114b893d0a1168",
                "shasum": ""
            },
            "require": {
                "php": ">=5.3"
            },
            "require-dev": {
                "phpunit/phpunit": "~4.8"
            },
            "type": "library",
            "autoload": {
                "psr-4": {
                    "Overtrue\\Pinyin\\": "src/"
                }
            },
            "notification-url": "https://packagist.org/downloads/",
            "license": [
                "MIT"
            ],
            "authors": [
                {
                    "name": "Carlos",
                    "homepage": "http://github.com/overtrue"
                }
            ],
            "description": "Chinese to pinyin translator.",
            "homepage": "https://github.com/overtrue/pinyin",
            "keywords": [
                "Chinese",
                "Pinyin",
                "cn2pinyin"
            ],
            "time": "2017-02-27T02:31:58+00:00"
        },
        {
            "name": "oyejorge/less.php",
            "version": "v1.7.0.13",
            "source": {
                "type": "git",
                "url": "https://github.com/oyejorge/less.php.git",
                "reference": "f1bccbee4bc9c7fdb6873e8c246063e01365a9a8"
            },
            "dist": {
                "type": "zip",
                "url": "https://files.phpcomposer.com/files/oyejorge/less.php/f1bccbee4bc9c7fdb6873e8c246063e01365a9a8.zip",
                "reference": "f1bccbee4bc9c7fdb6873e8c246063e01365a9a8",
                "shasum": ""
            },
            "require": {
                "php": ">=5.3"
            },
            "require-dev": {
                "phpunit/phpunit": "~4.8.24"
            },
            "bin": [
                "bin/lessc"
            ],
            "type": "library",
            "autoload": {
                "psr-0": {
                    "Less": "lib/"
                },
                "classmap": [
                    "lessc.inc.php"
                ]
            },
            "notification-url": "https://packagist.org/downloads/",
            "license": [
                "Apache-2.0"
            ],
            "authors": [
                {
                    "name": "Matt Agar",
                    "homepage": "https://github.com/agar"
                },
                {
                    "name": "Martin Jantošovič",
                    "homepage": "https://github.com/Mordred"
                },
                {
                    "name": "Josh Schmidt",
                    "homepage": "https://github.com/oyejorge"
                },
                {
                    "name": "Michaël Marinetti",
                    "homepage": "https://github.com/Asenar"
                }
            ],
            "description": "PHP port of the Javascript version of LESS http://lesscss.org (Originally maintained by Josh Schmidt)",
            "homepage": "http://lessphp.gpeasy.com",
            "keywords": [
                "css",
                "less",
                "less.js",
                "lesscss",
                "php",
                "stylesheet"
            ],
            "time": "2017-02-23T14:18:55+00:00"
        },
        {
            "name": "thefold/wordpress-dispatcher",
            "version": "1.0",
            "source": {
                "type": "git",
                "url": "https://github.com/timbofield/wordpress-dispatcher.git",
                "reference": "a6a6b1b8961cbcaa850a54a5dcd569230900fbda"
            },
            "dist": {
                "type": "zip",
                "url": "https://packagist.phpcomposer.com/files/timbofield/wordpress-dispatcher/a6a6b1b8961cbcaa850a54a5dcd569230900fbda.zip",
                "reference": "a6a6b1b8961cbcaa850a54a5dcd569230900fbda",
                "shasum": ""
            },
            "require": {
                "php": ">=5.4"
            },
            "type": "library",
            "autoload": {
                "psr-4": {
                    "TheFold\\WordPress\\": "/"
                }
            },
            "notification-url": "https://packagist.org/downloads/",
            "license": [
                "MIT"
            ],
            "authors": [
                {
                    "name": "Tim Field",
                    "email": "tim@thefold.co.nz"
                }
            ],
            "description": "Create URL endpoints within WordPress",
            "time": "2015-04-29T10:54:48+00:00"
        }
    ],
    "packages-dev": [],
    "aliases": [],
    "minimum-stability": "stable",
    "stability-flags": [],
    "prefer-stable": false,
    "prefer-lowest": false,
    "platform": [],
    "platform-dev": []
}
