{
    "_readme": [
        "This file locks the dependencies of your project to a known state",
        "Read more about it at https://getcomposer.org/doc/01-basic-usage.md#composer-lock-the-lock-file",
        "This file is @generated automatically"
    ],
    "content-hash": "e907190158f8319ca3f42871ebd32c2a",
    "packages": [
        {
            "name": "doctrine/inflector",
            "version": "v1.1.0",
            "source": {
                "type": "git",
                "url": "https://github.com/doctrine/inflector.git",
                "reference": "90b2128806bfde671b6952ab8bea493942c1fdae"
            },
            "dist": {
                "type": "zip",
                "url": "https://api.github.com/repos/doctrine/inflector/zipball/90b2128806bfde671b6952ab8bea493942c1fdae",
                "reference": "90b2128806bfde671b6952ab8bea493942c1fdae",
                "shasum": ""
            },
            "require": {
                "php": ">=5.3.2"
            },
            "require-dev": {
                "phpunit/phpunit": "4.*"
            },
            "type": "library",
            "extra": {
                "branch-alias": {
                    "dev-master": "1.1.x-dev"
                }
            },
            "autoload": {
                "psr-0": {
                    "Doctrine\\Common\\Inflector\\": "lib/"
                }
            },
            "notification-url": "https://packagist.org/downloads/",
            "license": [
                "MIT"
            ],
            "authors": [
                {
                    "name": "Roman Borschel",
                    "email": "roman@code-factory.org"
                },
                {
                    "name": "Benjamin Eberlei",
                    "email": "kontakt@beberlei.de"
                },
                {
                    "name": "Guilherme Blanco",
                    "email": "guilhermeblanco@gmail.com"
                },
                {
                    "name": "Jonathan Wage",
                    "email": "jonwage@gmail.com"
                },
                {
                    "name": "Johannes Schmitt",
                    "email": "schmittjoh@gmail.com"
                }
            ],
            "description": "Common String Manipulations with regard to casing and singular/plural rules.",
            "homepage": "http://www.doctrine-project.org",
            "keywords": [
                "inflection",
                "pluralize",
                "singularize",
                "string"
            ],
            "time": "2015-11-06T14:35:42+00:00"
        },
        {
            "name": "illuminate/contracts",
            "version": "v5.4.27",
            "source": {
                "type": "git",
                "url": "https://github.com/illuminate/contracts.git",
                "reference": "31f0193eb14aa3ee07841dc254081425616e79f0"
            },
            "dist": {
                "type": "zip",
                "url": "https://api.github.com/repos/illuminate/contracts/zipball/31f0193eb14aa3ee07841dc254081425616e79f0",
                "reference": "31f0193eb14aa3ee07841dc254081425616e79f0",
                "shasum": ""
            },
            "require": {
                "php": ">=5.6.4"
            },
            "type": "library",
            "extra": {
                "branch-alias": {
                    "dev-master": "5.4-dev"
                }
            },
            "autoload": {
                "psr-4": {
                    "Illuminate\\Contracts\\": ""
                }
            },
            "notification-url": "https://packagist.org/downloads/",
            "license": [
                "MIT"
            ],
            "authors": [
                {
                    "name": "Taylor Otwell",
                    "email": "taylor@laravel.com"
                }
            ],
            "description": "The Illuminate Contracts package.",
            "homepage": "https://laravel.com",
            "time": "2017-04-19T20:17:43+00:00"
        },
        {
            "name": "illuminate/support",
            "version": "v5.4.27",
            "source": {
                "type": "git",
                "url": "https://github.com/illuminate/support.git",
                "reference": "a42393b56d0ec75f55e760f2a47bcf85a17a278d"
            },
            "dist": {
                "type": "zip",
                "url": "https://api.github.com/repos/illuminate/support/zipball/a42393b56d0ec75f55e760f2a47bcf85a17a278d",
                "reference": "a42393b56d0ec75f55e760f2a47bcf85a17a278d",
                "shasum": ""
            },
            "require": {
                "doctrine/inflector": "~1.0",
                "ext-mbstring": "*",
                "illuminate/contracts": "5.4.*",
                "paragonie/random_compat": "~1.4|~2.0",
                "php": ">=5.6.4"
            },
            "replace": {
                "tightenco/collect": "self.version"
            },
            "suggest": {
                "illuminate/filesystem": "Required to use the composer class (5.2.*).",
                "symfony/process": "Required to use the composer class (~3.2).",
                "symfony/var-dumper": "Required to use the dd function (~3.2)."
            },
            "type": "library",
            "extra": {
                "branch-alias": {
                    "dev-master": "5.4-dev"
                }
            },
            "autoload": {
                "psr-4": {
                    "Illuminate\\Support\\": ""
                },
                "files": [
                    "helpers.php"
                ]
            },
            "notification-url": "https://packagist.org/downloads/",
            "license": [
                "MIT"
            ],
            "authors": [
                {
                    "name": "Taylor Otwell",
                    "email": "taylor@laravel.com"
                }
            ],
            "description": "The Illuminate Support package.",
            "homepage": "https://laravel.com",
            "time": "2017-06-15T12:35:32+00:00"
        },
        {
            "name": "jjgrainger/posttypes",
            "version": "1.1.2",
            "source": {
                "type": "git",
                "url": "https://github.com/jjgrainger/PostTypes.git",
                "reference": "736c43ecf3e6272a1b18c3857ecea3ac4b030745"
            },
            "dist": {
                "type": "zip",
                "url": "https://api.github.com/repos/jjgrainger/PostTypes/zipball/736c43ecf3e6272a1b18c3857ecea3ac4b030745",
                "reference": "736c43ecf3e6272a1b18c3857ecea3ac4b030745",
                "shasum": ""
            },
            "require": {
                "php": ">=5.3.0"
            },
            "require-dev": {
                "squizlabs/php_codesniffer": "^2.8"
            },
            "type": "library",
            "autoload": {
                "psr-4": {
                    "PostTypes\\": "src/"
                }
            },
            "notification-url": "https://packagist.org/downloads/",
            "license": [
                "MIT"
            ],
            "authors": [
                {
                    "name": "Joe Grainger",
                    "email": "hello@jjgrainger.co.uk",
                    "homepage": "http://jjgrainger.co.uk"
                }
            ],
            "description": "Simple WordPress custom post types.",
            "homepage": "https://github.com/jjgrainger/posttype",
            "time": "2017-05-19T12:53:48+00:00"
        },
        {
            "name": "league/color-extractor",
            "version": "0.3.2",
            "source": {
                "type": "git",
                "url": "https://github.com/thephpleague/color-extractor.git",
                "reference": "837086ec60f50c84c611c613963e4ad2e2aec806"
            },
            "dist": {
                "type": "zip",
                "url": "https://api.github.com/repos/thephpleague/color-extractor/zipball/837086ec60f50c84c611c613963e4ad2e2aec806",
                "reference": "837086ec60f50c84c611c613963e4ad2e2aec806",
                "shasum": ""
            },
            "require": {
                "ext-gd": "*",
                "php": ">=5.4.0"
            },
            "replace": {
                "matthecat/colorextractor": "*"
            },
            "require-dev": {
                "friendsofphp/php-cs-fixer": "~2",
                "phpunit/phpunit": "~5"
            },
            "type": "library",
            "autoload": {
                "psr-4": {
                    "": "src"
                }
            },
            "notification-url": "https://packagist.org/downloads/",
            "license": [
                "MIT"
            ],
            "authors": [
                {
                    "name": "Mathieu Lechat",
                    "email": "math.lechat@gmail.com",
                    "homepage": "http://matthecat.com",
                    "role": "Developer"
                }
            ],
            "description": "Extract colors from an image as a human would do.",
            "homepage": "https://github.com/thephpleague/color-extractor",
            "keywords": [
                "color",
                "extract",
                "human",
                "image",
                "palette"
            ],
            "time": "2016-12-15T09:30:02+00:00"
        },
        {
            "name": "lightboxdigital/wp-dynamic-image-resizer",
            "version": "1.0.2",
            "source": {
                "type": "git",
                "url": "https://github.com/LightboxDigital/wp-dynamic-image-resizer.git",
                "reference": "cc1d67192c8463eba4c0920130abec933ed2296b"
            },
            "dist": {
                "type": "zip",
                "url": "https://api.github.com/repos/LightboxDigital/wp-dynamic-image-resizer/zipball/cc1d67192c8463eba4c0920130abec933ed2296b",
                "reference": "cc1d67192c8463eba4c0920130abec933ed2296b",
                "shasum": ""
            },
            "require-dev": {
                "phpunit/phpunit": "4.8.*"
            },
            "type": "library",
            "autoload": {
                "files": [
                    "wp-dynamic-image-resizer.php"
                ]
            },
            "notification-url": "https://packagist.org/downloads/",
            "license": [
                "MIT"
            ],
            "authors": [
                {
                    "name": "Warren Bickley",
                    "email": "warren@lightboxdigital.co.uk"
                }
            ],
            "description": "Resize WordPress images on the fly without needing to register image sizes.",
            "keywords": [
                "images",
                "wordpress",
                "wp"
            ],
            "time": "2017-01-10T18:32:16+00:00"
        },
        {
            "name": "nette/finder",
            "version": "v2.4.0",
            "source": {
                "type": "git",
                "url": "https://github.com/nette/finder.git",
                "reference": "5cabd5fe89f9903715359a403b820c7f94f9bb5e"
            },
            "dist": {
                "type": "zip",
                "url": "https://api.github.com/repos/nette/finder/zipball/5cabd5fe89f9903715359a403b820c7f94f9bb5e",
                "reference": "5cabd5fe89f9903715359a403b820c7f94f9bb5e",
                "shasum": ""
            },
            "require": {
                "nette/utils": "~2.4",
                "php": ">=5.6.0"
            },
            "conflict": {
                "nette/nette": "<2.2"
            },
            "require-dev": {
                "nette/tester": "~2.0",
                "tracy/tracy": "^2.3"
            },
            "type": "library",
            "extra": {
                "branch-alias": {
                    "dev-master": "2.4-dev"
                }
            },
            "autoload": {
                "classmap": [
                    "src/"
                ]
            },
            "notification-url": "https://packagist.org/downloads/",
            "license": [
                "BSD-3-Clause",
                "GPL-2.0",
                "GPL-3.0"
            ],
            "authors": [
                {
                    "name": "David Grudl",
                    "homepage": "https://davidgrudl.com"
                },
                {
                    "name": "Nette Community",
                    "homepage": "https://nette.org/contributors"
                }
            ],
            "description": "Nette Finder: Files Searching",
            "homepage": "https://nette.org",
            "time": "2016-05-17T15:49:06+00:00"
        },
        {
            "name": "nette/neon",
            "version": "v2.4.1",
            "source": {
                "type": "git",
                "url": "https://github.com/nette/neon.git",
                "reference": "1a78ff64b1e161ebccc03bdf9366450a69365f5b"
            },
            "dist": {
                "type": "zip",
                "url": "https://api.github.com/repos/nette/neon/zipball/1a78ff64b1e161ebccc03bdf9366450a69365f5b",
                "reference": "1a78ff64b1e161ebccc03bdf9366450a69365f5b",
                "shasum": ""
            },
            "require": {
                "ext-iconv": "*",
                "ext-json": "*",
                "php": ">=5.6.0"
            },
            "require-dev": {
                "nette/tester": "~2.0",
                "tracy/tracy": "^2.3"
            },
            "type": "library",
            "extra": {
                "branch-alias": {
                    "dev-master": "2.4-dev"
                }
            },
            "autoload": {
                "classmap": [
                    "src/"
                ]
            },
            "notification-url": "https://packagist.org/downloads/",
            "license": [
                "BSD-3-Clause",
                "GPL-2.0",
                "GPL-3.0"
            ],
            "authors": [
                {
                    "name": "David Grudl",
                    "homepage": "https://davidgrudl.com"
                },
                {
                    "name": "Nette Community",
                    "homepage": "https://nette.org/contributors"
                }
            ],
            "description": "Nette NEON: parser & generator for Nette Object Notation",
            "homepage": "http://ne-on.org",
            "time": "2017-01-13T08:00:19+00:00"
        },
        {
            "name": "nette/robot-loader",
            "version": "v3.0.0",
            "source": {
                "type": "git",
                "url": "https://github.com/nette/robot-loader.git",
                "reference": "459fc6bf08f0fd7f6889897e3acdff523dbf1159"
            },
            "dist": {
                "type": "zip",
                "url": "https://api.github.com/repos/nette/robot-loader/zipball/459fc6bf08f0fd7f6889897e3acdff523dbf1159",
                "reference": "459fc6bf08f0fd7f6889897e3acdff523dbf1159",
                "shasum": ""
            },
            "require": {
                "ext-tokenizer": "*",
                "nette/finder": "^2.3 || ^3.0",
                "nette/utils": "^2.4 || ^3.0",
                "php": ">=5.6.0"
            },
            "conflict": {
                "nette/nette": "<2.2"
            },
            "require-dev": {
                "nette/tester": "^2.0",
                "tracy/tracy": "^2.3"
            },
            "type": "library",
            "extra": {
                "branch-alias": {
                    "dev-master": "3.0-dev"
                }
            },
            "autoload": {
                "classmap": [
                    "src/"
                ]
            },
            "notification-url": "https://packagist.org/downloads/",
            "license": [
                "BSD-3-Clause",
                "GPL-2.0",
                "GPL-3.0"
            ],
            "authors": [
                {
                    "name": "David Grudl",
                    "homepage": "https://davidgrudl.com"
                },
                {
                    "name": "Nette Community",
                    "homepage": "https://nette.org/contributors"
                }
            ],
            "description": "🍀 RobotLoader: high performance and comfortable autoloader that will search and autoload classes within your application.",
            "homepage": "https://nette.org",
            "keywords": [
                "autoload",
                "class",
                "interface",
                "nette",
                "trait"
            ],
            "time": "2017-02-10T13:44:22+00:00"
        },
        {
            "name": "nette/utils",
            "version": "v2.4.6",
            "source": {
                "type": "git",
                "url": "https://github.com/nette/utils.git",
                "reference": "266160aec0d99516e0ea510de1dfa24a0dc1e76e"
            },
            "dist": {
                "type": "zip",
                "url": "https://api.github.com/repos/nette/utils/zipball/266160aec0d99516e0ea510de1dfa24a0dc1e76e",
                "reference": "266160aec0d99516e0ea510de1dfa24a0dc1e76e",
                "shasum": ""
            },
            "require": {
                "php": ">=5.6.0"
            },
            "conflict": {
                "nette/nette": "<2.2"
            },
            "require-dev": {
                "nette/tester": "~2.0",
                "tracy/tracy": "^2.3"
            },
            "suggest": {
                "ext-gd": "to use Image",
                "ext-iconv": "to use Strings::webalize() and toAscii()",
                "ext-intl": "for script transliteration in Strings::webalize() and toAscii()",
                "ext-json": "to use Nette\\Utils\\Json",
                "ext-mbstring": "to use Strings::lower() etc...",
                "ext-xml": "to use Strings::length() etc. when mbstring is not available"
            },
            "type": "library",
            "extra": {
                "branch-alias": {
                    "dev-master": "2.4-dev"
                }
            },
            "autoload": {
                "classmap": [
                    "src/"
                ]
            },
            "notification-url": "https://packagist.org/downloads/",
            "license": [
                "BSD-3-Clause",
                "GPL-2.0",
                "GPL-3.0"
            ],
            "authors": [
                {
                    "name": "David Grudl",
                    "homepage": "https://davidgrudl.com"
                },
                {
                    "name": "Nette Community",
                    "homepage": "https://nette.org/contributors"
                }
            ],
            "description": "Nette Utility Classes",
            "homepage": "https://nette.org",
            "time": "2017-04-26T10:04:49+00:00"
        },
        {
            "name": "overtrue/pinyin",
            "version": "3.0.5",
            "source": {
                "type": "git",
                "url": "https://github.com/overtrue/pinyin.git",
                "reference": "590fd5820d65c3967d33b4d0dc114b893d0a1168"
            },
            "dist": {
                "type": "zip",
                "url": "https://api.github.com/repos/overtrue/pinyin/zipball/590fd5820d65c3967d33b4d0dc114b893d0a1168",
                "reference": "590fd5820d65c3967d33b4d0dc114b893d0a1168",
                "shasum": ""
            },
            "require": {
                "php": ">=5.3"
            },
            "require-dev": {
                "phpunit/phpunit": "~4.8"
            },
            "type": "library",
            "autoload": {
                "psr-4": {
                    "Overtrue\\Pinyin\\": "src/"
                }
            },
            "notification-url": "https://packagist.org/downloads/",
            "license": [
                "MIT"
            ],
            "authors": [
                {
                    "name": "Carlos",
                    "homepage": "http://github.com/overtrue"
                }
            ],
            "description": "Chinese to pinyin translator.",
            "homepage": "https://github.com/overtrue/pinyin",
            "keywords": [
                "Chinese",
                "Pinyin",
                "cn2pinyin"
            ],
            "time": "2017-02-27T02:31:58+00:00"
        },
        {
            "name": "paragonie/random_compat",
            "version": "v2.0.10",
            "source": {
                "type": "git",
                "url": "https://github.com/paragonie/random_compat.git",
                "reference": "634bae8e911eefa89c1abfbf1b66da679ac8f54d"
            },
            "dist": {
                "type": "zip",
                "url": "https://api.github.com/repos/paragonie/random_compat/zipball/634bae8e911eefa89c1abfbf1b66da679ac8f54d",
                "reference": "634bae8e911eefa89c1abfbf1b66da679ac8f54d",
                "shasum": ""
            },
            "require": {
                "php": ">=5.2.0"
            },
            "require-dev": {
                "phpunit/phpunit": "4.*|5.*"
            },
            "suggest": {
                "ext-libsodium": "Provides a modern crypto API that can be used to generate random bytes."
            },
            "type": "library",
            "autoload": {
                "files": [
                    "lib/random.php"
                ]
            },
            "notification-url": "https://packagist.org/downloads/",
            "license": [
                "MIT"
            ],
            "authors": [
                {
                    "name": "Paragon Initiative Enterprises",
                    "email": "security@paragonie.com",
                    "homepage": "https://paragonie.com"
                }
            ],
            "description": "PHP 5.x polyfill for random_bytes() and random_int() from PHP 7",
            "keywords": [
                "csprng",
                "pseudorandom",
                "random"
            ],
            "time": "2017-03-13T16:27:32+00:00"
        },
        {
            "name": "symfony/polyfill-mbstring",
            "version": "v1.4.0",
            "source": {
                "type": "git",
                "url": "https://github.com/symfony/polyfill-mbstring.git",
                "reference": "f29dca382a6485c3cbe6379f0c61230167681937"
            },
            "dist": {
                "type": "zip",
                "url": "https://api.github.com/repos/symfony/polyfill-mbstring/zipball/f29dca382a6485c3cbe6379f0c61230167681937",
                "reference": "f29dca382a6485c3cbe6379f0c61230167681937",
                "shasum": ""
            },
            "require": {
                "php": ">=5.3.3"
            },
            "suggest": {
                "ext-mbstring": "For best performance"
            },
            "type": "library",
            "extra": {
                "branch-alias": {
                    "dev-master": "1.4-dev"
                }
            },
            "autoload": {
                "psr-4": {
                    "Symfony\\Polyfill\\Mbstring\\": ""
                },
                "files": [
                    "bootstrap.php"
                ]
            },
            "notification-url": "https://packagist.org/downloads/",
            "license": [
                "MIT"
            ],
            "authors": [
                {
                    "name": "Nicolas Grekas",
                    "email": "p@tchwork.com"
                },
                {
                    "name": "Symfony Community",
                    "homepage": "https://symfony.com/contributors"
                }
            ],
            "description": "Symfony polyfill for the Mbstring extension",
            "homepage": "https://symfony.com",
            "keywords": [
                "compatibility",
                "mbstring",
                "polyfill",
                "portable",
                "shim"
            ],
            "time": "2017-06-09T14:24:12+00:00"
        },
        {
            "name": "symfony/var-dumper",
            "version": "v3.3.2",
            "source": {
                "type": "git",
                "url": "https://github.com/symfony/var-dumper.git",
                "reference": "347c4247a3e40018810b476fcd5dec36d46d08dc"
            },
            "dist": {
                "type": "zip",
                "url": "https://api.github.com/repos/symfony/var-dumper/zipball/347c4247a3e40018810b476fcd5dec36d46d08dc",
                "reference": "347c4247a3e40018810b476fcd5dec36d46d08dc",
                "shasum": ""
            },
            "require": {
                "php": ">=5.5.9",
                "symfony/polyfill-mbstring": "~1.0"
            },
            "conflict": {
                "phpunit/phpunit": "<4.8.35|<5.4.3,>=5.0"
            },
            "require-dev": {
                "ext-iconv": "*",
                "twig/twig": "~1.34|~2.4"
            },
            "suggest": {
                "ext-iconv": "To convert non-UTF-8 strings to UTF-8 (or symfony/polyfill-iconv in case ext-iconv cannot be used).",
                "ext-symfony_debug": ""
            },
            "type": "library",
            "extra": {
                "branch-alias": {
                    "dev-master": "3.3-dev"
                }
            },
            "autoload": {
                "files": [
                    "Resources/functions/dump.php"
                ],
                "psr-4": {
                    "Symfony\\Component\\VarDumper\\": ""
                },
                "exclude-from-classmap": [
                    "/Tests/"
                ]
            },
            "notification-url": "https://packagist.org/downloads/",
            "license": [
                "MIT"
            ],
            "authors": [
                {
                    "name": "Nicolas Grekas",
                    "email": "p@tchwork.com"
                },
                {
                    "name": "Symfony Community",
                    "homepage": "https://symfony.com/contributors"
                }
            ],
            "description": "Symfony mechanism for exploring and dumping PHP variables",
            "homepage": "https://symfony.com",
            "keywords": [
                "debug",
                "dump"
            ],
            "time": "2017-06-02T09:10:29+00:00"
        },
        {
            "name": "thefold/wordpress-dispatcher",
            "version": "1.0",
            "source": {
                "type": "git",
                "url": "https://github.com/timbofield/wordpress-dispatcher.git",
                "reference": "a6a6b1b8961cbcaa850a54a5dcd569230900fbda"
            },
            "dist": {
                "type": "zip",
                "url": "https://api.github.com/repos/timbofield/wordpress-dispatcher/zipball/a6a6b1b8961cbcaa850a54a5dcd569230900fbda",
                "reference": "a6a6b1b8961cbcaa850a54a5dcd569230900fbda",
                "shasum": ""
            },
            "require": {
                "php": ">=5.4"
            },
            "type": "library",
            "autoload": {
                "psr-4": {
                    "TheFold\\WordPress\\": "/"
                }
            },
            "notification-url": "https://packagist.org/downloads/",
            "license": [
                "MIT"
            ],
            "authors": [
                {
                    "name": "Tim Field",
                    "email": "tim@thefold.co.nz"
                }
            ],
            "description": "Create URL endpoints within WordPress",
            "time": "2015-04-29T10:54:48+00:00"
        }
    ],
    "packages-dev": [],
    "aliases": [],
    "minimum-stability": "stable",
    "stability-flags": [],
    "prefer-stable": false,
    "prefer-lowest": false,
    "platform": [],
    "platform-dev": []
}
