{
    "_readme": [
        "This file locks the dependencies of your project to a known state",
        "Read more about it at https://getcomposer.org/doc/01-basic-usage.md#composer-lock-the-lock-file",
        "This file is @generated automatically"
    ],
    "hash": "c90d4746d08c31e35c28ccb5e33f6075",
    "content-hash": "a89cf9817ce141a36d2537a77277dbe5",
    "packages": [
        {
            "name": "mobiledetect/mobiledetectlib",
            "version": "2.8.22",
            "source": {
                "type": "git",
                "url": "https://github.com/serbanghita/Mobile-Detect.git",
                "reference": "53cddae0c272a478b24a4b5fb60d0f838caf70b6"
            },
            "dist": {
                "type": "zip",
                "url": "https://packagist.phpcomposer.com/files/serbanghita/Mobile-Detect/53cddae0c272a478b24a4b5fb60d0f838caf70b6.zip",
                "reference": "53cddae0c272a478b24a4b5fb60d0f838caf70b6",
                "shasum": ""
            },
            "require": {
                "php": ">=5.0.0"
            },
            "require-dev": {
                "codeclimate/php-test-reporter": "dev-master",
                "johnkary/phpunit-speedtrap": "~1.0@dev",
                "phpunit/phpunit": "*"
            },
            "type": "library",
            "autoload": {
                "classmap": [
                    "Mobile_Detect.php"
                ],
                "psr-0": {
                    "Detection": "namespaced/"
                }
            },
            "notification-url": "https://packagist.org/downloads/",
            "license": [
                "MIT"
            ],
            "authors": [
                {
                    "name": "Serban Ghita",
                    "email": "serbanghita@gmail.com",
                    "homepage": "http://mobiledetect.net",
                    "role": "Developer"
                }
            ],
            "description": "Mobile_Detect is a lightweight PHP class for detecting mobile devices. It uses the User-Agent string combined with specific HTTP headers to detect the mobile environment.",
            "homepage": "https://github.com/serbanghita/Mobile-Detect",
            "keywords": [
                "detect mobile devices",
                "mobile",
                "mobile detect",
                "mobile detector",
                "php mobile detect"
            ],
            "time": "2016-04-24 09:47:16"
        },
        {
            "name": "nette/component-model",
            "version": "v2.3.0",
            "source": {
                "type": "git",
                "url": "https://github.com/nette/component-model.git",
                "reference": "9b5817b246bf409b8f0f8309c23e599dd8729d28"
            },
            "dist": {
                "type": "zip",
                "url": "https://packagist.phpcomposer.com/files/nette/component-model/9b5817b246bf409b8f0f8309c23e599dd8729d28.zip",
                "reference": "9b5817b246bf409b8f0f8309c23e599dd8729d28",
                "shasum": ""
            },
            "require": {
                "nette/utils": "^2.4",
                "php": ">=5.6.0"
            },
            "conflict": {
                "nette/application": "<2.4",
                "nette/nette": "<2.2"
            },
            "require-dev": {
                "nette/tester": "~2.0",
                "tracy/tracy": "^2.3"
            },
            "type": "library",
            "extra": {
                "branch-alias": {
                    "dev-master": "2.3-dev"
                }
            },
            "autoload": {
                "classmap": [
                    "src/"
                ]
            },
            "notification-url": "https://packagist.org/downloads/",
            "license": [
                "BSD-3-Clause",
                "GPL-2.0",
                "GPL-3.0"
            ],
            "authors": [
                {
                    "name": "David Grudl",
                    "homepage": "https://davidgrudl.com"
                },
                {
                    "name": "Nette Community",
                    "homepage": "https://nette.org/contributors"
                }
            ],
            "description": "Nette Component Model",
            "homepage": "https://nette.org",
            "time": "2016-06-17 17:36:56"
        },
        {
            "name": "nette/finder",
            "version": "v2.4.0",
            "source": {
                "type": "git",
                "url": "https://github.com/nette/finder.git",
                "reference": "5cabd5fe89f9903715359a403b820c7f94f9bb5e"
            },
            "dist": {
                "type": "zip",
                "url": "https://packagist.phpcomposer.com/files/nette/finder/5cabd5fe89f9903715359a403b820c7f94f9bb5e.zip",
                "reference": "5cabd5fe89f9903715359a403b820c7f94f9bb5e",
                "shasum": ""
            },
            "require": {
                "nette/utils": "~2.4",
                "php": ">=5.6.0"
            },
            "conflict": {
                "nette/nette": "<2.2"
            },
            "require-dev": {
                "nette/tester": "~2.0",
                "tracy/tracy": "^2.3"
            },
            "type": "library",
            "extra": {
                "branch-alias": {
                    "dev-master": "2.4-dev"
                }
            },
            "autoload": {
                "classmap": [
                    "src/"
                ]
            },
            "notification-url": "https://packagist.org/downloads/",
            "license": [
                "BSD-3-Clause",
                "GPL-2.0",
                "GPL-3.0"
            ],
            "authors": [
                {
                    "name": "David Grudl",
                    "homepage": "https://davidgrudl.com"
                },
                {
                    "name": "Nette Community",
                    "homepage": "https://nette.org/contributors"
                }
            ],
            "description": "Nette Finder: Files Searching",
            "homepage": "https://nette.org",
            "time": "2016-05-17 15:49:06"
        },
        {
            "name": "nette/forms",
            "version": "v2.4.1",
            "source": {
                "type": "git",
                "url": "https://github.com/nette/forms.git",
                "reference": "57295d16f8e90173465735eb6be49a1e3ce614bd"
            },
            "dist": {
                "type": "zip",
                "url": "https://packagist.phpcomposer.com/files/nette/forms/57295d16f8e90173465735eb6be49a1e3ce614bd.zip",
                "reference": "57295d16f8e90173465735eb6be49a1e3ce614bd",
                "shasum": ""
            },
            "require": {
                "nette/component-model": "~2.3",
                "nette/http": "~2.2",
                "nette/utils": "~2.4",
                "php": ">=5.6.0"
            },
            "conflict": {
                "nette/nette": "<2.2"
            },
            "require-dev": {
                "latte/latte": "~2.4",
                "nette/di": "~2.4",
                "nette/tester": "~2.0",
                "tracy/tracy": "^2.4"
            },
            "type": "library",
            "extra": {
                "branch-alias": {
                    "dev-master": "2.4-dev"
                }
            },
            "autoload": {
                "classmap": [
                    "src/"
                ]
            },
            "notification-url": "https://packagist.org/downloads/",
            "license": [
                "BSD-3-Clause",
                "GPL-2.0",
                "GPL-3.0"
            ],
            "authors": [
                {
                    "name": "David Grudl",
                    "homepage": "https://davidgrudl.com"
                },
                {
                    "name": "Nette Community",
                    "homepage": "https://nette.org/contributors"
                }
            ],
            "description": "Nette Forms: greatly facilitates web forms",
            "homepage": "https://nette.org",
            "time": "2016-07-09 12:02:06"
        },
        {
            "name": "nette/http",
            "version": "v2.4.0",
            "source": {
                "type": "git",
                "url": "https://github.com/nette/http.git",
                "reference": "659e277017006edf12d4fc86bf54a060e56c71ac"
            },
            "dist": {
                "type": "zip",
                "url": "https://packagist.phpcomposer.com/files/nette/http/659e277017006edf12d4fc86bf54a060e56c71ac.zip",
                "reference": "659e277017006edf12d4fc86bf54a060e56c71ac",
                "shasum": ""
            },
            "require": {
                "nette/utils": "^2.4",
                "php": ">=5.6.0"
            },
            "conflict": {
                "nette/nette": "<2.2"
            },
            "require-dev": {
                "nette/di": "^2.3",
                "nette/tester": "~2.0",
                "tracy/tracy": "^2.3"
            },
            "suggest": {
                "ext-fileinfo": "to detect type of uploaded files"
            },
            "type": "library",
            "extra": {
                "branch-alias": {
                    "dev-master": "2.4-dev"
                }
            },
            "autoload": {
                "classmap": [
                    "src/"
                ]
            },
            "notification-url": "https://packagist.org/downloads/",
            "license": [
                "BSD-3-Clause",
                "GPL-2.0",
                "GPL-3.0"
            ],
            "authors": [
                {
                    "name": "David Grudl",
                    "homepage": "https://davidgrudl.com"
                },
                {
                    "name": "Nette Community",
                    "homepage": "https://nette.org/contributors"
                }
            ],
            "description": "Nette HTTP Component",
            "homepage": "https://nette.org",
            "time": "2016-06-25 09:59:54"
        },
        {
            "name": "nette/utils",
            "version": "v2.4.0",
            "source": {
                "type": "git",
                "url": "https://github.com/nette/utils.git",
                "reference": "c455ade9f24a1f99aa81772516764045296b8ca0"
            },
            "dist": {
                "type": "zip",
                "url": "https://packagist.phpcomposer.com/files/nette/utils/c455ade9f24a1f99aa81772516764045296b8ca0.zip",
                "reference": "c455ade9f24a1f99aa81772516764045296b8ca0",
                "shasum": ""
            },
            "require": {
                "php": ">=5.6.0"
            },
            "conflict": {
                "nette/nette": "<2.2"
            },
            "require-dev": {
                "nette/tester": "~2.0",
                "tracy/tracy": "^2.3"
            },
            "suggest": {
                "ext-gd": "to use Image",
                "ext-iconv": "to use Strings::webalize() and toAscii()",
                "ext-intl": "for script transliteration in Strings::webalize() and toAscii()",
                "ext-mbstring": "to use Strings::lower() etc..."
            },
            "type": "library",
            "extra": {
                "branch-alias": {
                    "dev-master": "2.4-dev"
                }
            },
            "autoload": {
                "classmap": [
                    "src/"
                ]
            },
            "notification-url": "https://packagist.org/downloads/",
            "license": [
                "BSD-3-Clause",
                "GPL-2.0",
                "GPL-3.0"
            ],
            "authors": [
                {
                    "name": "David Grudl",
                    "homepage": "https://davidgrudl.com"
                },
                {
                    "name": "Nette Community",
                    "homepage": "https://nette.org/contributors"
                }
            ],
            "description": "Nette Utility Classes",
            "homepage": "https://nette.org",
            "time": "2016-06-17 13:15:10"
        },
        {
            "name": "sunra/php-simple-html-dom-parser",
            "version": "v1.5.1",
            "source": {
                "type": "git",
                "url": "https://github.com/sunra/php-simple-html-dom-parser.git",
                "reference": "f910346ce47513a49ed5b8de197cde26c3f0b193"
            },
            "dist": {
                "type": "zip",
                "url": "https://packagist.phpcomposer.com/files/sunra/php-simple-html-dom-parser/f910346ce47513a49ed5b8de197cde26c3f0b193.zip",
                "reference": "f910346ce47513a49ed5b8de197cde26c3f0b193",
                "shasum": ""
            },
            "require": {
                "php": ">=5.3.2"
            },
            "type": "library",
            "autoload": {
                "psr-0": {
                    "Sunra\\PhpSimple\\HtmlDomParser": "Src/"
                }
            },
            "notification-url": "https://packagist.org/downloads/",
            "license": [
                "MIT"
            ],
            "authors": [
                {
                    "name": "Sunra",
                    "email": "sunra@yandex.ru",
                    "homepage": "https://github.com/sunra"
                }
            ],
            "description": "Composer adaptation of: A HTML DOM parser written in PHP5+ let you manipulate HTML in a very easy way! Require PHP 5+. Supports invalid HTML. Find tags on an HTML page with selectors just like jQuery. Extract contents from HTML in a single line.",
            "homepage": "https://github.com/sunra/php-simple-html-dom-parser",
            "keywords": [
                "dom",
                "html",
                "parser"
            ],
            "time": "2016-05-20 11:21:15"
        },
        {
            "name": "thefold/wordpress-dispatcher",
            "version": "1.0",
            "source": {
                "type": "git",
                "url": "https://github.com/timbofield/wordpress-dispatcher.git",
                "reference": "a6a6b1b8961cbcaa850a54a5dcd569230900fbda"
            },
            "dist": {
                "type": "zip",
                "url": "https://packagist.phpcomposer.com/files/timbofield/wordpress-dispatcher/a6a6b1b8961cbcaa850a54a5dcd569230900fbda.zip",
                "reference": "a6a6b1b8961cbcaa850a54a5dcd569230900fbda",
                "shasum": ""
            },
            "require": {
                "php": ">=5.4"
            },
            "type": "library",
            "autoload": {
                "psr-4": {
                    "TheFold\\WordPress\\": "/"
                }
            },
            "notification-url": "https://packagist.org/downloads/",
            "license": [
                "MIT"
            ],
            "authors": [
                {
                    "name": "Tim Field",
                    "email": "tim@thefold.co.nz"
                }
            ],
            "description": "Create URL endpoints within WordPress",
            "time": "2015-04-29 10:54:48"
        }
    ],
    "packages-dev": [],
    "aliases": [],
    "minimum-stability": "stable",
    "stability-flags": [],
    "prefer-stable": false,
    "prefer-lowest": false,
    "platform": [],
    "platform-dev": []
}
